
Microsoft Visual Studio Solution File, Format Version 12.00
# Visual Studio Version 16
VisualStudioVersion = 16.0.30114.105
MinimumVisualStudioVersion = 10.0.40219.1
Project("{FAE04EC0-301F-11D3-BF4B-00C04F79EFBC}") = "Definitions", "Definitions\Definitions.csproj", "{2E92757C-ECBE-45D1-8427-43913E6A672C}"
EndProject
Global
	GlobalSection(SolutionConfigurationPlatforms) = preSolution
		Debug|Any CPU = Debug|Any CPU
		Release|Any CPU = Release|Any CPU
	EndGlobalSection
	GlobalSection(ProjectConfigurationPlatforms) = postSolution
		{2E92757C-ECBE-45D1-8427-43913E6A672C}.Debug|Any CPU.ActiveCfg = Debug|Any CPU
		{2E92757C-ECBE-45D1-8427-43913E6A672C}.Debug|Any CPU.Build.0 = Debug|Any CPU
		{2E92757C-ECBE-45D1-8427-43913E6A672C}.Release|Any CPU.ActiveCfg = Release|Any CPU
		{2E92757C-ECBE-45D1-8427-43913E6A672C}.Release|Any CPU.Build.0 = Release|Any CPU
	EndGlobalSection
	GlobalSection(SolutionProperties) = preSolution
		HideSolutionNode = FALSE
	EndGlobalSection
	GlobalSection(ExtensibilityGlobals) = postSolution
		SolutionGuid = {1702262C-2F50-41C0-BF4B-E19CEFFF69EE}
	EndGlobalSection
EndGlobal
